
Microsoft Visual Studio Solution File, Format Version 12.00
# Visual Studio Version 17
VisualStudioVersion = 17.1.32328.378
MinimumVisualStudioVersion = 10.0.40219.1
Project("{FAE04EC0-301F-11D3-BF4B-00C04F79EFBC}") = "Test", "Test\Test.csproj", "{F93EE4EC-3C8F-472F-A3EE-987E08E6C385}"
EndProject
Global
	GlobalSection(SolutionConfigurationPlatforms) = preSolution
		Debug|Any CPU = Debug|Any CPU
		Release|Any CPU = Release|Any CPU
	EndGlobalSection
	GlobalSection(ProjectConfigurationPlatforms) = postSolution
		{F93EE4EC-3C8F-472F-A3EE-987E08E6C385}.Debug|Any CPU.ActiveCfg = Debug|Any CPU
		{F93EE4EC-3C8F-472F-A3EE-987E08E6C385}.Debug|Any CPU.Build.0 = Debug|Any CPU
		{F93EE4EC-3C8F-472F-A3EE-987E08E6C385}.Release|Any CPU.ActiveCfg = Release|Any CPU
		{F93EE4EC-3C8F-472F-A3EE-987E08E6C385}.Release|Any CPU.Build.0 = Release|Any CPU
	EndGlobalSection
	GlobalSection(SolutionProperties) = preSolution
		HideSolutionNode = FALSE
	EndGlobalSection
	GlobalSection(ExtensibilityGlobals) = postSolution
		SolutionGuid = {4EE93895-6493-4497-9961-9370CEE9845B}
	EndGlobalSection
EndGlobal
